
Microsoft Visual Studio Solution File, Format Version 12.00
# Visual Studio Version 17
VisualStudioVersion = 17.8.34316.72
MinimumVisualStudioVersion = 10.0.40219.1
Project("{FAE04EC0-301F-11D3-BF4B-00C04F79EFBC}") = "EventSource.API", "EventSource.API\EventSource.API.csproj", "{7BD5D34B-32D4-46F8-98FA-241B7C563412}"
EndProject
Global
	GlobalSection(SolutionConfigurationPlatforms) = preSolution
		Debug|Any CPU = Debug|Any CPU
		Release|Any CPU = Release|Any CPU
	EndGlobalSection
	GlobalSection(ProjectConfigurationPlatforms) = postSolution
		{7BD5D34B-32D4-46F8-98FA-241B7C563412}.Debug|Any CPU.ActiveCfg = Debug|Any CPU
		{7BD5D34B-32D4-46F8-98FA-241B7C563412}.Debug|Any CPU.Build.0 = Debug|Any CPU
		{7BD5D34B-32D4-46F8-98FA-241B7C563412}.Release|Any CPU.ActiveCfg = Release|Any CPU
		{7BD5D34B-32D4-46F8-98FA-241B7C563412}.Release|Any CPU.Build.0 = Release|Any CPU
	EndGlobalSection
	GlobalSection(SolutionProperties) = preSolution
		HideSolutionNode = FALSE
	EndGlobalSection
	GlobalSection(ExtensibilityGlobals) = postSolution
		SolutionGuid = {454650E0-6F21-460C-A4D8-B042CE47F706}
	EndGlobalSection
EndGlobal
